
Microsoft Visual Studio Solution File, Format Version 12.00
# Visual Studio Version 16
VisualStudioVersion = 16.0.29613.14
MinimumVisualStudioVersion = 10.0.40219.1
Project("{FAE04EC0-301F-11D3-BF4B-00C04F79EFBC}") = "AlgorithmPrograms", "AlgorithmPrograms\AlgorithmPrograms.csproj", "{C8F04D95-DDA5-44CC-9ED2-B662E551585A}"
EndProject
Global
	GlobalSection(SolutionConfigurationPlatforms) = preSolution
		Debug|Any CPU = Debug|Any CPU
		Release|Any CPU = Release|Any CPU
	EndGlobalSection
	GlobalSection(ProjectConfigurationPlatforms) = postSolution
		{C8F04D95-DDA5-44CC-9ED2-B662E551585A}.Debug|Any CPU.ActiveCfg = Debug|Any CPU
		{C8F04D95-DDA5-44CC-9ED2-B662E551585A}.Debug|Any CPU.Build.0 = Debug|Any CPU
		{C8F04D95-DDA5-44CC-9ED2-B662E551585A}.Release|Any CPU.ActiveCfg = Release|Any CPU
		{C8F04D95-DDA5-44CC-9ED2-B662E551585A}.Release|Any CPU.Build.0 = Release|Any CPU
	EndGlobalSection
	GlobalSection(SolutionProperties) = preSolution
		HideSolutionNode = FALSE
	EndGlobalSection
	GlobalSection(ExtensibilityGlobals) = postSolution
		SolutionGuid = {C9371997-7DE4-4DCF-A91A-EF58DB46DB3A}
	EndGlobalSection
EndGlobal
